
Microsoft Visual Studio Solution File, Format Version 12.00
# Visual Studio Version 17
VisualStudioVersion = 17.13.35931.197
MinimumVisualStudioVersion = 10.0.40219.1
Project("{FAE04EC0-301F-11D3-BF4B-00C04F79EFBC}") = "CasinoConsoleApp", "CasinoConsoleApp\CasinoConsoleApp.csproj", "{00FDFDCF-0A96-4CF6-BB80-B52FF8C8FDDD}"
EndProject
Project("{FAE04EC0-301F-11D3-BF4B-00C04F79EFBC}") = "CasinoFrameworkApp", "CasinoFrameworkApp\CasinoFrameworkApp.csproj", "{0BC89AFA-9BC8-407E-8110-D70609E1521E}"
EndProject
Project("{FAE04EC0-301F-11D3-BF4B-00C04F79EFBC}") = "CasinoTest", "CasinoTest\CasinoTest.csproj", "{90867C67-EAB3-426F-A7CD-A290A00C128C}"
EndProject
Global
	GlobalSection(SolutionConfigurationPlatforms) = preSolution
		Debug|Any CPU = Debug|Any CPU
		Release|Any CPU = Release|Any CPU
	EndGlobalSection
	GlobalSection(ProjectConfigurationPlatforms) = postSolution
		{00FDFDCF-0A96-4CF6-BB80-B52FF8C8FDDD}.Debug|Any CPU.ActiveCfg = Debug|Any CPU
		{00FDFDCF-0A96-4CF6-BB80-B52FF8C8FDDD}.Debug|Any CPU.Build.0 = Debug|Any CPU
		{00FDFDCF-0A96-4CF6-BB80-B52FF8C8FDDD}.Release|Any CPU.ActiveCfg = Release|Any CPU
		{00FDFDCF-0A96-4CF6-BB80-B52FF8C8FDDD}.Release|Any CPU.Build.0 = Release|Any CPU
		{0BC89AFA-9BC8-407E-8110-D70609E1521E}.Debug|Any CPU.ActiveCfg = Debug|Any CPU
		{0BC89AFA-9BC8-407E-8110-D70609E1521E}.Debug|Any CPU.Build.0 = Debug|Any CPU
		{0BC89AFA-9BC8-407E-8110-D70609E1521E}.Release|Any CPU.ActiveCfg = Release|Any CPU
		{0BC89AFA-9BC8-407E-8110-D70609E1521E}.Release|Any CPU.Build.0 = Release|Any CPU
		{90867C67-EAB3-426F-A7CD-A290A00C128C}.Debug|Any CPU.ActiveCfg = Debug|Any CPU
		{90867C67-EAB3-426F-A7CD-A290A00C128C}.Debug|Any CPU.Build.0 = Debug|Any CPU
		{90867C67-EAB3-426F-A7CD-A290A00C128C}.Release|Any CPU.ActiveCfg = Release|Any CPU
		{90867C67-EAB3-426F-A7CD-A290A00C128C}.Release|Any CPU.Build.0 = Release|Any CPU
	EndGlobalSection
	GlobalSection(SolutionProperties) = preSolution
		HideSolutionNode = FALSE
	EndGlobalSection
	GlobalSection(ExtensibilityGlobals) = postSolution
		SolutionGuid = {E4F447E2-90CE-43EA-B8B9-509FE47E8AF0}
	EndGlobalSection
EndGlobal
