
Microsoft Visual Studio Solution File, Format Version 12.00
# Visual Studio Version 16
VisualStudioVersion = 16.0.34407.143
MinimumVisualStudioVersion = 10.0.40219.1
Project("{FAE04EC0-301F-11D3-BF4B-00C04F79EFBC}") = "CasinoConsoleApp", "CasinoConsoleApp\CasinoConsoleApp.csproj", "{00FDFDCF-0A96-4CF6-BB80-B52FF8C8FDDD}"
EndProject
Project("{FAE04EC0-301F-11D3-BF4B-00C04F79EFBC}") = "CasinoFrameworkApp", "CasinoFrameworkApp\CasinoFrameworkApp.csproj", "{50F2F1FB-03D6-4A59-9A7A-E90D56347E0A}"
EndProject
Global
	GlobalSection(SolutionConfigurationPlatforms) = preSolution
		Debug|Any CPU = Debug|Any CPU
		Release|Any CPU = Release|Any CPU
	EndGlobalSection
	GlobalSection(ProjectConfigurationPlatforms) = postSolution
		{00FDFDCF-0A96-4CF6-BB80-B52FF8C8FDDD}.Debug|Any CPU.ActiveCfg = Debug|Any CPU
		{00FDFDCF-0A96-4CF6-BB80-B52FF8C8FDDD}.Debug|Any CPU.Build.0 = Debug|Any CPU
		{00FDFDCF-0A96-4CF6-BB80-B52FF8C8FDDD}.Release|Any CPU.ActiveCfg = Release|Any CPU
		{00FDFDCF-0A96-4CF6-BB80-B52FF8C8FDDD}.Release|Any CPU.Build.0 = Release|Any CPU
		{50F2F1FB-03D6-4A59-9A7A-E90D56347E0A}.Debug|Any CPU.ActiveCfg = Debug|Any CPU
		{50F2F1FB-03D6-4A59-9A7A-E90D56347E0A}.Debug|Any CPU.Build.0 = Debug|Any CPU
		{50F2F1FB-03D6-4A59-9A7A-E90D56347E0A}.Release|Any CPU.ActiveCfg = Release|Any CPU
		{50F2F1FB-03D6-4A59-9A7A-E90D56347E0A}.Release|Any CPU.Build.0 = Release|Any CPU
	EndGlobalSection
	GlobalSection(SolutionProperties) = preSolution
		HideSolutionNode = FALSE
	EndGlobalSection
	GlobalSection(ExtensibilityGlobals) = postSolution
		SolutionGuid = {E4F447E2-90CE-43EA-B8B9-509FE47E8AF0}
	EndGlobalSection
EndGlobal
